
Microsoft Visual Studio Solution File, Format Version 12.00
# Visual Studio 2013
VisualStudioVersion = 12.0.21005.1
MinimumVisualStudioVersion = 10.0.40219.1
Project("{FAE04EC0-301F-11D3-BF4B-00C04F79EFBC}") = "ConsoleApplicationCalcLafey2", "ConsoleApplicationCalcLafey2\ConsoleApplicationCalcLafey2.csproj", "{A607EA9A-15A0-4515-9D5C-A966D5F17BAF}"
EndProject
Global
	GlobalSection(SolutionConfigurationPlatforms) = preSolution
		Debug|Any CPU = Debug|Any CPU
		Release|Any CPU = Release|Any CPU
	EndGlobalSection
	GlobalSection(ProjectConfigurationPlatforms) = postSolution
		{A607EA9A-15A0-4515-9D5C-A966D5F17BAF}.Debug|Any CPU.ActiveCfg = Debug|Any CPU
		{A607EA9A-15A0-4515-9D5C-A966D5F17BAF}.Debug|Any CPU.Build.0 = Debug|Any CPU
		{A607EA9A-15A0-4515-9D5C-A966D5F17BAF}.Release|Any CPU.ActiveCfg = Release|Any CPU
		{A607EA9A-15A0-4515-9D5C-A966D5F17BAF}.Release|Any CPU.Build.0 = Release|Any CPU
	EndGlobalSection
	GlobalSection(SolutionProperties) = preSolution
		HideSolutionNode = FALSE
	EndGlobalSection
EndGlobal
